// !$*UTF8*$!
{
	archiveVersion = 1;
	classes = {
	};
	objectVersion = 56;
	objects = {

/* Begin PBXBuildFile section */
		465952392B5CEA820059FDB8 /* AppDelegate.swift in Sources */ = {isa = PBXBuildFile; fileRef = 465952382B5CEA820059FDB8 /* AppDelegate.swift */; };
		4659523B2B5CEA820059FDB8 /* SceneDelegate.swift in Sources */ = {isa = PBXBuildFile; fileRef = 4659523A2B5CEA820059FDB8 /* SceneDelegate.swift */; };
		465952422B5CEA860059FDB8 /* Assets.xcassets in Resources */ = {isa = PBXBuildFile; fileRef = 465952412B5CEA860059FDB8 /* Assets.xcassets */; };
		465952452B5CEA860059FDB8 /* LaunchScreen.storyboard in Resources */ = {isa = PBXBuildFile; fileRef = 465952432B5CEA860059FDB8 /* LaunchScreen.storyboard */; };
		465952502B5CEA860059FDB8 /* CurrencyTests.swift in Sources */ = {isa = PBXBuildFile; fileRef = 4659524F2B5CEA860059FDB8 /* CurrencyTests.swift */; };
		4659525A2B5CEA860059FDB8 /* CurrencyUITests.swift in Sources */ = {isa = PBXBuildFile; fileRef = 465952592B5CEA860059FDB8 /* CurrencyUITests.swift */; };
		4659525C2B5CEA860059FDB8 /* CurrencyUITestsLaunchTests.swift in Sources */ = {isa = PBXBuildFile; fileRef = 4659525B2B5CEA860059FDB8 /* CurrencyUITestsLaunchTests.swift */; };
		4659526D2B5CF3780059FDB8 /* CurrencyCalculatorViewController.swift in Sources */ = {isa = PBXBuildFile; fileRef = 4659526C2B5CF3780059FDB8 /* CurrencyCalculatorViewController.swift */; };
		465952762B5D10A50059FDB8 /* Networking in Frameworks */ = {isa = PBXBuildFile; productRef = 465952752B5D10A50059FDB8 /* Networking */; };
		465952812B5EC1710059FDB8 /* CurrencyDomain in Frameworks */ = {isa = PBXBuildFile; productRef = 465952802B5EC1710059FDB8 /* CurrencyDomain */; };
		465952842B5ECC7D0059FDB8 /* AppDependency.swift in Sources */ = {isa = PBXBuildFile; fileRef = 465952832B5ECC7D0059FDB8 /* AppDependency.swift */; };
/* End PBXBuildFile section */

/* Begin PBXContainerItemProxy section */
		4659524C2B5CEA860059FDB8 /* PBXContainerItemProxy */ = {
			isa = PBXContainerItemProxy;
			containerPortal = 4659522D2B5CEA820059FDB8 /* Project object */;
			proxyType = 1;
			remoteGlobalIDString = 465952342B5CEA820059FDB8;
			remoteInfo = Currency;
		};
		465952562B5CEA860059FDB8 /* PBXContainerItemProxy */ = {
			isa = PBXContainerItemProxy;
			containerPortal = 4659522D2B5CEA820059FDB8 /* Project object */;
			proxyType = 1;
			remoteGlobalIDString = 465952342B5CEA820059FDB8;
			remoteInfo = Currency;
		};
/* End PBXContainerItemProxy section */

/* Begin PBXFileReference section */
		465952352B5CEA820059FDB8 /* Currency.app */ = {isa = PBXFileReference; explicitFileType = wrapper.application; includeInIndex = 0; path = Currency.app; sourceTree = BUILT_PRODUCTS_DIR; };
		465952382B5CEA820059FDB8 /* AppDelegate.swift */ = {isa = PBXFileReference; lastKnownFileType = sourcecode.swift; path = AppDelegate.swift; sourceTree = "<group>"; };
		4659523A2B5CEA820059FDB8 /* SceneDelegate.swift */ = {isa = PBXFileReference; lastKnownFileType = sourcecode.swift; path = SceneDelegate.swift; sourceTree = "<group>"; };
		465952412B5CEA860059FDB8 /* Assets.xcassets */ = {isa = PBXFileReference; lastKnownFileType = folder.assetcatalog; path = Assets.xcassets; sourceTree = "<group>"; };
		465952442B5CEA860059FDB8 /* Base */ = {isa = PBXFileReference; lastKnownFileType = file.storyboard; name = Base; path = Base.lproj/LaunchScreen.storyboard; sourceTree = "<group>"; };
		465952462B5CEA860059FDB8 /* Info.plist */ = {isa = PBXFileReference; lastKnownFileType = text.plist.xml; path = Info.plist; sourceTree = "<group>"; };
		4659524B2B5CEA860059FDB8 /* CurrencyTests.xctest */ = {isa = PBXFileReference; explicitFileType = wrapper.cfbundle; includeInIndex = 0; path = CurrencyTests.xctest; sourceTree = BUILT_PRODUCTS_DIR; };
		4659524F2B5CEA860059FDB8 /* CurrencyTests.swift */ = {isa = PBXFileReference; lastKnownFileType = sourcecode.swift; path = CurrencyTests.swift; sourceTree = "<group>"; };
		465952552B5CEA860059FDB8 /* CurrencyUITests.xctest */ = {isa = PBXFileReference; explicitFileType = wrapper.cfbundle; includeInIndex = 0; path = CurrencyUITests.xctest; sourceTree = BUILT_PRODUCTS_DIR; };
		465952592B5CEA860059FDB8 /* CurrencyUITests.swift */ = {isa = PBXFileReference; lastKnownFileType = sourcecode.swift; path = CurrencyUITests.swift; sourceTree = "<group>"; };
		4659525B2B5CEA860059FDB8 /* CurrencyUITestsLaunchTests.swift */ = {isa = PBXFileReference; lastKnownFileType = sourcecode.swift; path = CurrencyUITestsLaunchTests.swift; sourceTree = "<group>"; };
		4659526C2B5CF3780059FDB8 /* CurrencyCalculatorViewController.swift */ = {isa = PBXFileReference; lastKnownFileType = sourcecode.swift; path = CurrencyCalculatorViewController.swift; sourceTree = "<group>"; };
		465952732B5D030B0059FDB8 /* Networking */ = {isa = PBXFileReference; lastKnownFileType = wrapper; path = Networking; sourceTree = "<group>"; };
		465952772B5E46870059FDB8 /* CCLayout */ = {isa = PBXFileReference; lastKnownFileType = wrapper; path = CCLayout; sourceTree = "<group>"; };
		465952792B5E5A380059FDB8 /* Then */ = {isa = PBXFileReference; lastKnownFileType = wrapper; path = Then; sourceTree = "<group>"; };
		4659527A2B5E5AED0059FDB8 /* UIKitUtil */ = {isa = PBXFileReference; lastKnownFileType = wrapper; path = UIKitUtil; sourceTree = "<group>"; };
		4659527B2B5E695C0059FDB8 /* CombineUtil */ = {isa = PBXFileReference; lastKnownFileType = wrapper; path = CombineUtil; sourceTree = "<group>"; };
		4659527D2B5EB5B40059FDB8 /* CurrencyDomain */ = {isa = PBXFileReference; lastKnownFileType = wrapper; path = CurrencyDomain; sourceTree = "<group>"; };
		465952832B5ECC7D0059FDB8 /* AppDependency.swift */ = {isa = PBXFileReference; lastKnownFileType = sourcecode.swift; path = AppDependency.swift; sourceTree = "<group>"; };
/* End PBXFileReference section */

/* Begin PBXFrameworksBuildPhase section */
		465952322B5CEA820059FDB8 /* Frameworks */ = {
			isa = PBXFrameworksBuildPhase;
			buildActionMask = 2147483647;
			files = (
				465952762B5D10A50059FDB8 /* Networking in Frameworks */,
				465952812B5EC1710059FDB8 /* CurrencyDomain in Frameworks */,
			);
			runOnlyForDeploymentPostprocessing = 0;
		};
		465952482B5CEA860059FDB8 /* Frameworks */ = {
			isa = PBXFrameworksBuildPhase;
			buildActionMask = 2147483647;
			files = (
			);
			runOnlyForDeploymentPostprocessing = 0;
		};
		465952522B5CEA860059FDB8 /* Frameworks */ = {
			isa = PBXFrameworksBuildPhase;
			buildActionMask = 2147483647;
			files = (
			);
			runOnlyForDeploymentPostprocessing = 0;
		};
/* End PBXFrameworksBuildPhase section */

/* Begin PBXGroup section */
		4659522C2B5CEA820059FDB8 = {
			isa = PBXGroup;
			children = (
				465952372B5CEA820059FDB8 /* Currency */,
				4659524E2B5CEA860059FDB8 /* CurrencyTests */,
				465952582B5CEA860059FDB8 /* CurrencyUITests */,
				465952362B5CEA820059FDB8 /* Products */,
				465952742B5D10A50059FDB8 /* Frameworks */,
			);
			sourceTree = "<group>";
		};
		465952362B5CEA820059FDB8 /* Products */ = {
			isa = PBXGroup;
			children = (
				465952352B5CEA820059FDB8 /* Currency.app */,
				4659524B2B5CEA860059FDB8 /* CurrencyTests.xctest */,
				465952552B5CEA860059FDB8 /* CurrencyUITests.xctest */,
			);
			name = Products;
			sourceTree = "<group>";
		};
		465952372B5CEA820059FDB8 /* Currency */ = {
			isa = PBXGroup;
			children = (
				4659527C2B5EB4E00059FDB8 /* Domain */,
				465952782B5E5A2D0059FDB8 /* Shared */,
				465952722B5D02770059FDB8 /* Core */,
				4659526A2B5CF1F20059FDB8 /* Feature */,
				465952692B5CF1AC0059FDB8 /* App */,
				465952682B5CF1990059FDB8 /* Resources */,
				465952462B5CEA860059FDB8 /* Info.plist */,
			);
			path = Currency;
			sourceTree = "<group>";
		};
		4659524E2B5CEA860059FDB8 /* CurrencyTests */ = {
			isa = PBXGroup;
			children = (
				4659524F2B5CEA860059FDB8 /* CurrencyTests.swift */,
			);
			path = CurrencyTests;
			sourceTree = "<group>";
		};
		465952582B5CEA860059FDB8 /* CurrencyUITests */ = {
			isa = PBXGroup;
			children = (
				465952592B5CEA860059FDB8 /* CurrencyUITests.swift */,
				4659525B2B5CEA860059FDB8 /* CurrencyUITestsLaunchTests.swift */,
			);
			path = CurrencyUITests;
			sourceTree = "<group>";
		};
		465952682B5CF1990059FDB8 /* Resources */ = {
			isa = PBXGroup;
			children = (
				465952432B5CEA860059FDB8 /* LaunchScreen.storyboard */,
				465952412B5CEA860059FDB8 /* Assets.xcassets */,
			);
			path = Resources;
			sourceTree = "<group>";
		};
		465952692B5CF1AC0059FDB8 /* App */ = {
			isa = PBXGroup;
			children = (
				465952382B5CEA820059FDB8 /* AppDelegate.swift */,
				4659523A2B5CEA820059FDB8 /* SceneDelegate.swift */,
				465952832B5ECC7D0059FDB8 /* AppDependency.swift */,
			);
			path = App;
			sourceTree = "<group>";
		};
		4659526A2B5CF1F20059FDB8 /* Feature */ = {
			isa = PBXGroup;
			children = (
				4659526B2B5CF3650059FDB8 /* CurrencyCalculatorFeature */,
			);
			path = Feature;
			sourceTree = "<group>";
		};
		4659526B2B5CF3650059FDB8 /* CurrencyCalculatorFeature */ = {
			isa = PBXGroup;
			children = (
				4659526C2B5CF3780059FDB8 /* CurrencyCalculatorViewController.swift */,
			);
			path = CurrencyCalculatorFeature;
			sourceTree = "<group>";
		};
		465952722B5D02770059FDB8 /* Core */ = {
			isa = PBXGroup;
			children = (
				465952772B5E46870059FDB8 /* CCLayout */,
				465952732B5D030B0059FDB8 /* Networking */,
			);
			path = Core;
			sourceTree = "<group>";
		};
		465952742B5D10A50059FDB8 /* Frameworks */ = {
			isa = PBXGroup;
			children = (
			);
			name = Frameworks;
			sourceTree = "<group>";
		};
		465952782B5E5A2D0059FDB8 /* Shared */ = {
			isa = PBXGroup;
			children = (
				4659527B2B5E695C0059FDB8 /* CombineUtil */,
				4659527A2B5E5AED0059FDB8 /* UIKitUtil */,
				465952792B5E5A380059FDB8 /* Then */,
			);
			path = Shared;
			sourceTree = "<group>";
		};
		4659527C2B5EB4E00059FDB8 /* Domain */ = {
			isa = PBXGroup;
			children = (
				4659527D2B5EB5B40059FDB8 /* CurrencyDomain */,
			);
			path = Domain;
			sourceTree = "<group>";
		};
/* End PBXGroup section */

/* Begin PBXNativeTarget section */
		465952342B5CEA820059FDB8 /* Currency */ = {
			isa = PBXNativeTarget;
			buildConfigurationList = 4659525F2B5CEA860059FDB8 /* Build configuration list for PBXNativeTarget "Currency" */;
			buildPhases = (
				465952312B5CEA820059FDB8 /* Sources */,
				465952322B5CEA820059FDB8 /* Frameworks */,
				465952332B5CEA820059FDB8 /* Resources */,
			);
			buildRules = (
			);
			dependencies = (
			);
			name = Currency;
			packageProductDependencies = (
				465952752B5D10A50059FDB8 /* Networking */,
				465952802B5EC1710059FDB8 /* CurrencyDomain */,
			);
			productName = Currency;
			productReference = 465952352B5CEA820059FDB8 /* Currency.app */;
			productType = "com.apple.product-type.application";
		};
		4659524A2B5CEA860059FDB8 /* CurrencyTests */ = {
			isa = PBXNativeTarget;
			buildConfigurationList = 465952622B5CEA860059FDB8 /* Build configuration list for PBXNativeTarget "CurrencyTests" */;
			buildPhases = (
				465952472B5CEA860059FDB8 /* Sources */,
				465952482B5CEA860059FDB8 /* Frameworks */,
				465952492B5CEA860059FDB8 /* Resources */,
			);
			buildRules = (
			);
			dependencies = (
				4659524D2B5CEA860059FDB8 /* PBXTargetDependency */,
			);
			name = CurrencyTests;
			productName = CurrencyTests;
			productReference = 4659524B2B5CEA860059FDB8 /* CurrencyTests.xctest */;
			productType = "com.apple.product-type.bundle.unit-test";
		};
		465952542B5CEA860059FDB8 /* CurrencyUITests */ = {
			isa = PBXNativeTarget;
			buildConfigurationList = 465952652B5CEA860059FDB8 /* Build configuration list for PBXNativeTarget "CurrencyUITests" */;
			buildPhases = (
				465952512B5CEA860059FDB8 /* Sources */,
				465952522B5CEA860059FDB8 /* Frameworks */,
				465952532B5CEA860059FDB8 /* Resources */,
			);
			buildRules = (
			);
			dependencies = (
				465952572B5CEA860059FDB8 /* PBXTargetDependency */,
			);
			name = CurrencyUITests;
			productName = CurrencyUITests;
			productReference = 465952552B5CEA860059FDB8 /* CurrencyUITests.xctest */;
			productType = "com.apple.product-type.bundle.ui-testing";
		};
/* End PBXNativeTarget section */

/* Begin PBXProject section */
		4659522D2B5CEA820059FDB8 /* Project object */ = {
			isa = PBXProject;
			attributes = {
				BuildIndependentTargetsInParallel = 1;
				LastSwiftUpdateCheck = 1500;
				LastUpgradeCheck = 1500;
				TargetAttributes = {
					465952342B5CEA820059FDB8 = {
						CreatedOnToolsVersion = 15.0;
					};
					4659524A2B5CEA860059FDB8 = {
						CreatedOnToolsVersion = 15.0;
						TestTargetID = 465952342B5CEA820059FDB8;
					};
					465952542B5CEA860059FDB8 = {
						CreatedOnToolsVersion = 15.0;
						TestTargetID = 465952342B5CEA820059FDB8;
					};
				};
			};
			buildConfigurationList = 465952302B5CEA820059FDB8 /* Build configuration list for PBXProject "Currency" */;
			compatibilityVersion = "Xcode 14.0";
			developmentRegion = en;
			hasScannedForEncodings = 0;
			knownRegions = (
				en,
				Base,
			);
			mainGroup = 4659522C2B5CEA820059FDB8;
			productRefGroup = 465952362B5CEA820059FDB8 /* Products */;
			projectDirPath = "";
			projectRoot = "";
			targets = (
				465952342B5CEA820059FDB8 /* Currency */,
				4659524A2B5CEA860059FDB8 /* CurrencyTests */,
				465952542B5CEA860059FDB8 /* CurrencyUITests */,
			);
		};
/* End PBXProject section */

/* Begin PBXResourcesBuildPhase section */
		465952332B5CEA820059FDB8 /* Resources */ = {
			isa = PBXResourcesBuildPhase;
			buildActionMask = 2147483647;
			files = (
				465952452B5CEA860059FDB8 /* LaunchScreen.storyboard in Resources */,
				465952422B5CEA860059FDB8 /* Assets.xcassets in Resources */,
			);
			runOnlyForDeploymentPostprocessing = 0;
		};
		465952492B5CEA860059FDB8 /* Resources */ = {
			isa = PBXResourcesBuildPhase;
			buildActionMask = 2147483647;
			files = (
			);
			runOnlyForDeploymentPostprocessing = 0;
		};
		465952532B5CEA860059FDB8 /* Resources */ = {
			isa = PBXResourcesBuildPhase;
			buildActionMask = 2147483647;
			files = (
			);
			runOnlyForDeploymentPostprocessing = 0;
		};
/* End PBXResourcesBuildPhase section */

/* Begin PBXSourcesBuildPhase section */
		465952312B5CEA820059FDB8 /* Sources */ = {
			isa = PBXSourcesBuildPhase;
			buildActionMask = 2147483647;
			files = (
				4659526D2B5CF3780059FDB8 /* CurrencyCalculatorViewController.swift in Sources */,
				465952392B5CEA820059FDB8 /* AppDelegate.swift in Sources */,
				465952842B5ECC7D0059FDB8 /* AppDependency.swift in Sources */,
				4659523B2B5CEA820059FDB8 /* SceneDelegate.swift in Sources */,
			);
			runOnlyForDeploymentPostprocessing = 0;
		};
		465952472B5CEA860059FDB8 /* Sources */ = {
			isa = PBXSourcesBuildPhase;
			buildActionMask = 2147483647;
			files = (
				465952502B5CEA860059FDB8 /* CurrencyTests.swift in Sources */,
			);
			runOnlyForDeploymentPostprocessing = 0;
		};
		465952512B5CEA860059FDB8 /* Sources */ = {
			isa = PBXSourcesBuildPhase;
			buildActionMask = 2147483647;
			files = (
				4659525C2B5CEA860059FDB8 /* CurrencyUITestsLaunchTests.swift in Sources */,
				4659525A2B5CEA860059FDB8 /* CurrencyUITests.swift in Sources */,
			);
			runOnlyForDeploymentPostprocessing = 0;
		};
/* End PBXSourcesBuildPhase section */

/* Begin PBXTargetDependency section */
		4659524D2B5CEA860059FDB8 /* PBXTargetDependency */ = {
			isa = PBXTargetDependency;
			target = 465952342B5CEA820059FDB8 /* Currency */;
			targetProxy = 4659524C2B5CEA860059FDB8 /* PBXContainerItemProxy */;
		};
		465952572B5CEA860059FDB8 /* PBXTargetDependency */ = {
			isa = PBXTargetDependency;
			target = 465952342B5CEA820059FDB8 /* Currency */;
			targetProxy = 465952562B5CEA860059FDB8 /* PBXContainerItemProxy */;
		};
/* End PBXTargetDependency section */

/* Begin PBXVariantGroup section */
		465952432B5CEA860059FDB8 /* LaunchScreen.storyboard */ = {
			isa = PBXVariantGroup;
			children = (
				465952442B5CEA860059FDB8 /* Base */,
			);
			name = LaunchScreen.storyboard;
			sourceTree = "<group>";
		};
/* End PBXVariantGroup section */

/* Begin XCBuildConfiguration section */
		4659525D2B5CEA860059FDB8 /* Debug */ = {
			isa = XCBuildConfiguration;
			buildSettings = {
				ALWAYS_SEARCH_USER_PATHS = NO;
				ASSETCATALOG_COMPILER_GENERATE_SWIFT_ASSET_SYMBOL_EXTENSIONS = YES;
				CLANG_ANALYZER_NONNULL = YES;
				CLANG_ANALYZER_NUMBER_OBJECT_CONVERSION = YES_AGGRESSIVE;
				CLANG_CXX_LANGUAGE_STANDARD = "gnu++20";
				CLANG_ENABLE_MODULES = YES;
				CLANG_ENABLE_OBJC_ARC = YES;
				CLANG_ENABLE_OBJC_WEAK = YES;
				CLANG_WARN_BLOCK_CAPTURE_AUTORELEASING = YES;
				CLANG_WARN_BOOL_CONVERSION = YES;
				CLANG_WARN_COMMA = YES;
				CLANG_WARN_CONSTANT_CONVERSION = YES;
				CLANG_WARN_DEPRECATED_OBJC_IMPLEMENTATIONS = YES;
				CLANG_WARN_DIRECT_OBJC_ISA_USAGE = YES_ERROR;
				CLANG_WARN_DOCUMENTATION_COMMENTS = YES;
				CLANG_WARN_EMPTY_BODY = YES;
				CLANG_WARN_ENUM_CONVERSION = YES;
				CLANG_WARN_INFINITE_RECURSION = YES;
				CLANG_WARN_INT_CONVERSION = YES;
				CLANG_WARN_NON_LITERAL_NULL_CONVERSION = YES;
				CLANG_WARN_OBJC_IMPLICIT_RETAIN_SELF = YES;
				CLANG_WARN_OBJC_LITERAL_CONVERSION = YES;
				CLANG_WARN_OBJC_ROOT_CLASS = YES_ERROR;
				CLANG_WARN_QUOTED_INCLUDE_IN_FRAMEWORK_HEADER = YES;
				CLANG_WARN_RANGE_LOOP_ANALYSIS = YES;
				CLANG_WARN_STRICT_PROTOTYPES = YES;
				CLANG_WARN_SUSPICIOUS_MOVE = YES;
				CLANG_WARN_UNGUARDED_AVAILABILITY = YES_AGGRESSIVE;
				CLANG_WARN_UNREACHABLE_CODE = YES;
				CLANG_WARN__DUPLICATE_METHOD_MATCH = YES;
				COPY_PHASE_STRIP = NO;
				DEBUG_INFORMATION_FORMAT = dwarf;
				ENABLE_STRICT_OBJC_MSGSEND = YES;
				ENABLE_TESTABILITY = YES;
				ENABLE_USER_SCRIPT_SANDBOXING = YES;
				GCC_C_LANGUAGE_STANDARD = gnu17;
				GCC_DYNAMIC_NO_PIC = NO;
				GCC_NO_COMMON_BLOCKS = YES;
				GCC_OPTIMIZATION_LEVEL = 0;
				GCC_PREPROCESSOR_DEFINITIONS = (
					"DEBUG=1",
					"$(inherited)",
				);
				GCC_WARN_64_TO_32_BIT_CONVERSION = YES;
				GCC_WARN_ABOUT_RETURN_TYPE = YES_ERROR;
				GCC_WARN_UNDECLARED_SELECTOR = YES;
				GCC_WARN_UNINITIALIZED_AUTOS = YES_AGGRESSIVE;
				GCC_WARN_UNUSED_FUNCTION = YES;
				GCC_WARN_UNUSED_VARIABLE = YES;
				IPHONEOS_DEPLOYMENT_TARGET = 17.0;
				LOCALIZATION_PREFERS_STRING_CATALOGS = YES;
				MTL_ENABLE_DEBUG_INFO = INCLUDE_SOURCE;
				MTL_FAST_MATH = YES;
				ONLY_ACTIVE_ARCH = YES;
				SDKROOT = iphoneos;
				SWIFT_ACTIVE_COMPILATION_CONDITIONS = "DEBUG $(inherited)";
				SWIFT_OPTIMIZATION_LEVEL = "-Onone";
			};
			name = Debug;
		};
		4659525E2B5CEA860059FDB8 /* Release */ = {
			isa = XCBuildConfiguration;
			buildSettings = {
				ALWAYS_SEARCH_USER_PATHS = NO;
				ASSETCATALOG_COMPILER_GENERATE_SWIFT_ASSET_SYMBOL_EXTENSIONS = YES;
				CLANG_ANALYZER_NONNULL = YES;
				CLANG_ANALYZER_NUMBER_OBJECT_CONVERSION = YES_AGGRESSIVE;
				CLANG_CXX_LANGUAGE_STANDARD = "gnu++20";
				CLANG_ENABLE_MODULES = YES;
				CLANG_ENABLE_OBJC_ARC = YES;
				CLANG_ENABLE_OBJC_WEAK = YES;
				CLANG_WARN_BLOCK_CAPTURE_AUTORELEASING = YES;
				CLANG_WARN_BOOL_CONVERSION = YES;
				CLANG_WARN_COMMA = YES;
				CLANG_WARN_CONSTANT_CONVERSION = YES;
				CLANG_WARN_DEPRECATED_OBJC_IMPLEMENTATIONS = YES;
				CLANG_WARN_DIRECT_OBJC_ISA_USAGE = YES_ERROR;
				CLANG_WARN_DOCUMENTATION_COMMENTS = YES;
				CLANG_WARN_EMPTY_BODY = YES;
				CLANG_WARN_ENUM_CONVERSION = YES;
				CLANG_WARN_INFINITE_RECURSION = YES;
				CLANG_WARN_INT_CONVERSION = YES;
				CLANG_WARN_NON_LITERAL_NULL_CONVERSION = YES;
				CLANG_WARN_OBJC_IMPLICIT_RETAIN_SELF = YES;
				CLANG_WARN_OBJC_LITERAL_CONVERSION = YES;
				CLANG_WARN_OBJC_ROOT_CLASS = YES_ERROR;
				CLANG_WARN_QUOTED_INCLUDE_IN_FRAMEWORK_HEADER = YES;
				CLANG_WARN_RANGE_LOOP_ANALYSIS = YES;
				CLANG_WARN_STRICT_PROTOTYPES = YES;
				CLANG_WARN_SUSPICIOUS_MOVE = YES;
				CLANG_WARN_UNGUARDED_AVAILABILITY = YES_AGGRESSIVE;
				CLANG_WARN_UNREACHABLE_CODE = YES;
				CLANG_WARN__DUPLICATE_METHOD_MATCH = YES;
				COPY_PHASE_STRIP = NO;
				DEBUG_INFORMATION_FORMAT = "dwarf-with-dsym";
				ENABLE_NS_ASSERTIONS = NO;
				ENABLE_STRICT_OBJC_MSGSEND = YES;
				ENABLE_USER_SCRIPT_SANDBOXING = YES;
				GCC_C_LANGUAGE_STANDARD = gnu17;
				GCC_NO_COMMON_BLOCKS = YES;
				GCC_WARN_64_TO_32_BIT_CONVERSION = YES;
				GCC_WARN_ABOUT_RETURN_TYPE = YES_ERROR;
				GCC_WARN_UNDECLARED_SELECTOR = YES;
				GCC_WARN_UNINITIALIZED_AUTOS = YES_AGGRESSIVE;
				GCC_WARN_UNUSED_FUNCTION = YES;
				GCC_WARN_UNUSED_VARIABLE = YES;
				IPHONEOS_DEPLOYMENT_TARGET = 17.0;
				LOCALIZATION_PREFERS_STRING_CATALOGS = YES;
				MTL_ENABLE_DEBUG_INFO = NO;
				MTL_FAST_MATH = YES;
				SDKROOT = iphoneos;
				SWIFT_COMPILATION_MODE = wholemodule;
				VALIDATE_PRODUCT = YES;
			};
			name = Release;
		};
		465952602B5CEA860059FDB8 /* Debug */ = {
			isa = XCBuildConfiguration;
			buildSettings = {
				ASSETCATALOG_COMPILER_APPICON_NAME = AppIcon;
				ASSETCATALOG_COMPILER_GLOBAL_ACCENT_COLOR_NAME = AccentColor;
				CODE_SIGN_STYLE = Automatic;
				CURRENT_PROJECT_VERSION = 1;
				DEVELOPMENT_TEAM = 235C2RVZ7L;
				GENERATE_INFOPLIST_FILE = YES;
				INFOPLIST_FILE = Currency/Info.plist;
				INFOPLIST_KEY_UIApplicationSupportsIndirectInputEvents = YES;
				INFOPLIST_KEY_UILaunchStoryboardName = LaunchScreen;
				INFOPLIST_KEY_UISupportedInterfaceOrientations_iPad = "UIInterfaceOrientationPortrait UIInterfaceOrientationPortraitUpsideDown UIInterfaceOrientationLandscapeLeft UIInterfaceOrientationLandscapeRight";
				INFOPLIST_KEY_UISupportedInterfaceOrientations_iPhone = "UIInterfaceOrientationPortrait UIInterfaceOrientationLandscapeLeft UIInterfaceOrientationLandscapeRight";
				IPHONEOS_DEPLOYMENT_TARGET = 13.0;
				LD_RUNPATH_SEARCH_PATHS = (
					"$(inherited)",
					"@executable_path/Frameworks",
				);
				MARKETING_VERSION = 1.0;
				PRODUCT_BUNDLE_IDENTIFIER = baegteun.Currency;
				PRODUCT_NAME = "$(TARGET_NAME)";
				SWIFT_EMIT_LOC_STRINGS = YES;
				SWIFT_VERSION = 5.0;
				TARGETED_DEVICE_FAMILY = "1,2";
			};
			name = Debug;
		};
		465952612B5CEA860059FDB8 /* Release */ = {
			isa = XCBuildConfiguration;
			buildSettings = {
				ASSETCATALOG_COMPILER_APPICON_NAME = AppIcon;
				ASSETCATALOG_COMPILER_GLOBAL_ACCENT_COLOR_NAME = AccentColor;
				CODE_SIGN_STYLE = Automatic;
				CURRENT_PROJECT_VERSION = 1;
				DEVELOPMENT_TEAM = 235C2RVZ7L;
				GENERATE_INFOPLIST_FILE = YES;
				INFOPLIST_FILE = Currency/Info.plist;
				INFOPLIST_KEY_UIApplicationSupportsIndirectInputEvents = YES;
				INFOPLIST_KEY_UILaunchStoryboardName = LaunchScreen;
				INFOPLIST_KEY_UISupportedInterfaceOrientations_iPad = "UIInterfaceOrientationPortrait UIInterfaceOrientationPortraitUpsideDown UIInterfaceOrientationLandscapeLeft UIInterfaceOrientationLandscapeRight";
				INFOPLIST_KEY_UISupportedInterfaceOrientations_iPhone = "UIInterfaceOrientationPortrait UIInterfaceOrientationLandscapeLeft UIInterfaceOrientationLandscapeRight";
				IPHONEOS_DEPLOYMENT_TARGET = 13.0;
				LD_RUNPATH_SEARCH_PATHS = (
					"$(inherited)",
					"@executable_path/Frameworks",
				);
				MARKETING_VERSION = 1.0;
				PRODUCT_BUNDLE_IDENTIFIER = baegteun.Currency;
				PRODUCT_NAME = "$(TARGET_NAME)";
				SWIFT_EMIT_LOC_STRINGS = YES;
				SWIFT_VERSION = 5.0;
				TARGETED_DEVICE_FAMILY = "1,2";
			};
			name = Release;
		};
		465952632B5CEA860059FDB8 /* Debug */ = {
			isa = XCBuildConfiguration;
			buildSettings = {
				ALWAYS_EMBED_SWIFT_STANDARD_LIBRARIES = YES;
				BUNDLE_LOADER = "$(TEST_HOST)";
				CODE_SIGN_STYLE = Automatic;
				CURRENT_PROJECT_VERSION = 1;
				DEVELOPMENT_TEAM = 235C2RVZ7L;
				GENERATE_INFOPLIST_FILE = YES;
				IPHONEOS_DEPLOYMENT_TARGET = 17.0;
				MARKETING_VERSION = 1.0;
				PRODUCT_BUNDLE_IDENTIFIER = baegteun.CurrencyTests;
				PRODUCT_NAME = "$(TARGET_NAME)";
				SWIFT_EMIT_LOC_STRINGS = NO;
				SWIFT_VERSION = 5.0;
				TARGETED_DEVICE_FAMILY = "1,2";
				TEST_HOST = "$(BUILT_PRODUCTS_DIR)/Currency.app/$(BUNDLE_EXECUTABLE_FOLDER_PATH)/Currency";
			};
			name = Debug;
		};
		465952642B5CEA860059FDB8 /* Release */ = {
			isa = XCBuildConfiguration;
			buildSettings = {
				ALWAYS_EMBED_SWIFT_STANDARD_LIBRARIES = YES;
				BUNDLE_LOADER = "$(TEST_HOST)";
				CODE_SIGN_STYLE = Automatic;
				CURRENT_PROJECT_VERSION = 1;
				DEVELOPMENT_TEAM = 235C2RVZ7L;
				GENERATE_INFOPLIST_FILE = YES;
				IPHONEOS_DEPLOYMENT_TARGET = 17.0;
				MARKETING_VERSION = 1.0;
				PRODUCT_BUNDLE_IDENTIFIER = baegteun.CurrencyTests;
				PRODUCT_NAME = "$(TARGET_NAME)";
				SWIFT_EMIT_LOC_STRINGS = NO;
				SWIFT_VERSION = 5.0;
				TARGETED_DEVICE_FAMILY = "1,2";
				TEST_HOST = "$(BUILT_PRODUCTS_DIR)/Currency.app/$(BUNDLE_EXECUTABLE_FOLDER_PATH)/Currency";
			};
			name = Release;
		};
		465952662B5CEA860059FDB8 /* Debug */ = {
			isa = XCBuildConfiguration;
			buildSettings = {
				ALWAYS_EMBED_SWIFT_STANDARD_LIBRARIES = YES;
				CODE_SIGN_STYLE = Automatic;
				CURRENT_PROJECT_VERSION = 1;
				DEVELOPMENT_TEAM = 235C2RVZ7L;
				GENERATE_INFOPLIST_FILE = YES;
				MARKETING_VERSION = 1.0;
				PRODUCT_BUNDLE_IDENTIFIER = baegteun.CurrencyUITests;
				PRODUCT_NAME = "$(TARGET_NAME)";
				SWIFT_EMIT_LOC_STRINGS = NO;
				SWIFT_VERSION = 5.0;
				TARGETED_DEVICE_FAMILY = "1,2";
				TEST_TARGET_NAME = Currency;
			};
			name = Debug;
		};
		465952672B5CEA860059FDB8 /* Release */ = {
			isa = XCBuildConfiguration;
			buildSettings = {
				ALWAYS_EMBED_SWIFT_STANDARD_LIBRARIES = YES;
				CODE_SIGN_STYLE = Automatic;
				CURRENT_PROJECT_VERSION = 1;
				DEVELOPMENT_TEAM = 235C2RVZ7L;
				GENERATE_INFOPLIST_FILE = YES;
				MARKETING_VERSION = 1.0;
				PRODUCT_BUNDLE_IDENTIFIER = baegteun.CurrencyUITests;
				PRODUCT_NAME = "$(TARGET_NAME)";
				SWIFT_EMIT_LOC_STRINGS = NO;
				SWIFT_VERSION = 5.0;
				TARGETED_DEVICE_FAMILY = "1,2";
				TEST_TARGET_NAME = Currency;
			};
			name = Release;
		};
/* End XCBuildConfiguration section */

/* Begin XCConfigurationList section */
		465952302B5CEA820059FDB8 /* Build configuration list for PBXProject "Currency" */ = {
			isa = XCConfigurationList;
			buildConfigurations = (
				4659525D2B5CEA860059FDB8 /* Debug */,
				4659525E2B5CEA860059FDB8 /* Release */,
			);
			defaultConfigurationIsVisible = 0;
			defaultConfigurationName = Release;
		};
		4659525F2B5CEA860059FDB8 /* Build configuration list for PBXNativeTarget "Currency" */ = {
			isa = XCConfigurationList;
			buildConfigurations = (
				465952602B5CEA860059FDB8 /* Debug */,
				465952612B5CEA860059FDB8 /* Release */,
			);
			defaultConfigurationIsVisible = 0;
			defaultConfigurationName = Release;
		};
		465952622B5CEA860059FDB8 /* Build configuration list for PBXNativeTarget "CurrencyTests" */ = {
			isa = XCConfigurationList;
			buildConfigurations = (
				465952632B5CEA860059FDB8 /* Debug */,
				465952642B5CEA860059FDB8 /* Release */,
			);
			defaultConfigurationIsVisible = 0;
			defaultConfigurationName = Release;
		};
		465952652B5CEA860059FDB8 /* Build configuration list for PBXNativeTarget "CurrencyUITests" */ = {
			isa = XCConfigurationList;
			buildConfigurations = (
				465952662B5CEA860059FDB8 /* Debug */,
				465952672B5CEA860059FDB8 /* Release */,
			);
			defaultConfigurationIsVisible = 0;
			defaultConfigurationName = Release;
		};
/* End XCConfigurationList section */

/* Begin XCSwiftPackageProductDependency section */
		465952752B5D10A50059FDB8 /* Networking */ = {
			isa = XCSwiftPackageProductDependency;
			productName = Networking;
		};
		465952802B5EC1710059FDB8 /* CurrencyDomain */ = {
			isa = XCSwiftPackageProductDependency;
			productName = CurrencyDomain;
		};
/* End XCSwiftPackageProductDependency section */
	};
	rootObject = 4659522D2B5CEA820059FDB8 /* Project object */;
}
